cel.dev/expr v0.24.0 h1:56OvJKSH3hDGL0ml5uSxZmz3/3Pq4tJ+fb1unVLAFcY=
cel.dev/expr v0.24.0/go.mod h1:hLPLo1W4QUmuYdA72RBX06QTs6MXw941piREPl3Yfiw=
github.com/SCKelemen/clix v0.2.0 h1:Dxhksqh/6bSWxyZJEjnERMBtj5Px0raKkeYLSBgRQLM=
github.com/SCKelemen/clix v0.2.0/go.mod h1:5cgTkW/1mQswBkaKNOd5E+7wTgP9U4rc6+xOGfqK59s=
github.com/SCKelemen/layout v1.3.0 h1:ELYbA7Iagg/9H8Q8+HErY51PSPuOqkjB9NX5wHlrASw=
github.com/SCKelemen/layout v1.3.0/go.mod h1:Z8u+Zc2bgevfrCvbMZ9UMTkj7p3zUyjwPrLZmBQZdD4=
github.com/SCKelemen/text v1.2.0 h1:vP+CmmQN9k0F6kF3Nzjd08r+5gfSKMmkM7HJOQojY/4=
github.com/SCKelemen/text v1.2.0/go.mod h1:ErYskoMJmr0dvHLZAENO5UOj32NCS+HbWE0/sMFSwDc=
github.com/SCKelemen/unicode/v6 v6.2.0 h1:E/i39vZQgN275s0DW8uVKtgBIUjiGvugDfDmw4vLqJM=
github.com/SCKelemen/unicode/v6 v6.2.0/go.mod h1:o2ycPy2R5EoDxPhZlyYD/34YEH8g700jbNcA6pixUSs=
github.com/SCKelemen/units v1.2.1 h1:+0oTQfNEzftHLe+6Y1TAJazJuZR/rRS2keAn9UJsmyo=
github.com/SCKelemen/units v1.2.1/go.mod h1:kgbJAQ+0m29oq171mOI4STRfOaTYij9rl9J4xOq1H7s=
github.com/SCKelemen/wpt-test-gen v1.0.1 h1:0eWFgYe+guT7e1/C92mG7VZBEsxAqsfQxuqpYe35TBA=
github.com/SCKelemen/wpt-test-gen v1.0.1/go.mod h1:K5Vd+rA6NHgM1jXLkJTWxfWJj6Y6YAwN7wjgIeTLer0=
github.com/antlr4-go/antlr/v4 v4.13.0 h1:lxCg3LAv+EUK6t1i0y1V6/SLeUi0eKEKdhQAlS8TVTI=
github.com/antlr4-go/antlr/v4 v4.13.0/go.mod h1:pfChB/xh/Unjila75QW7+VU4TSnWnnk9UTnmpPaOR2g=
github.com/google/cel-go v0.26.1 h1:iPbVVEdkhTX++hpe3lzSk7D3G3QSYqLGoHOcEio+UXQ=
github.com/google/cel-go v0.26.1/go.mod h1:A9O8OU9rdvrK5MQyrqfIxo1a0u4g3sF8KB6PUIaryMM=
github.com/stoewer/go-strcase v1.2.0 h1:Z2iHWqGXH00XYgqDmNgQbIBxf3wrNq0F3feEy0ainaU=
github.com/stoewer/go-strcase v1.2.0/go.mod h1:IBiWB2sKIp3wVVQ3Y035++gc+knqhUQag1KpM8ahLw8=
golang.org/x/exp v0.0.0-20230515195305-f3d0a9c9a5cc h1:mCRnTeVUjcrhlRmO0VK8a6k6Rrf6TF9htwo2pJVSjIU=
golang.org/x/exp v0.0.0-20230515195305-f3d0a9c9a5cc/go.mod h1:V1LtkGg67GoY2N1AnLN78QLrzxkLyJw7RJb1gzOOz9w=
golang.org/x/image v0.34.0 h1:33gCkyw9hmwbZJeZkct8XyR11yH889EQt/QH4VmXMn8=
golang.org/x/image v0.34.0/go.mod h1:2RNFBZRB+vnwwFil8GkMdRvrJOFd1AzdZI6vOY+eJVU=
golang.org/x/text v0.32.0 h1:ZD01bjUt1FQ9WJ0ClOL5vxgxOI/sVCNgX1YtKwcY0mU=
golang.org/x/text v0.32.0/go.mod h1:o/rUWzghvpD5TXrTIBuJU77MTaN0ljMWE47kxGJQ7jY=
google.golang.org/genproto/googleapis/api v0.0.0-20240826202546-f6391c0de4c7 h1:YcyjlL1PRr2Q17/I0dPk2JmYS5CDXfcdb2Z3YRioEbw=
google.golang.org/genproto/googleapis/api v0.0.0-20240826202546-f6391c0de4c7/go.mod h1:OCdP9MfskevB/rbYvHTsXTtKC+3bHWajPdoKgjcYkfo=
google.golang.org/genproto/googleapis/rpc v0.0.0-20240826202546-f6391c0de4c7 h1:2035KHhUv+EpyB+hWgJnaWKJOdX1E95w2S8Rr4uWKTs=
google.golang.org/genproto/googleapis/rpc v0.0.0-20240826202546-f6391c0de4c7/go.mod h1:UqMtugtsSgubUsoxbuAoiCXvqvErP7Gf0so0mK9tHxU=
google.golang.org/protobuf v1.34.2 h1:6xV6lTsCfpGD21XK49h7MhtcApnLqkfYgPcdHftf6hg=
google.golang.org/protobuf v1.34.2/go.mod h1:qYOHts0dSfpeUzUFpOMr/WGzszTmLH+DiWniOlNbLDw=
